<?xml version="1.0" encoding="utf-8"?>
<Project ToolsVersion="4.0" xmlns="http://schemas.microsoft.com/developer/msbuild/2003">
  <ItemGroup>
    <Filter Include="Source Files">
      <UniqueIdentifier>{4FC737F1-C7A5-4376-A066-2A32D752A2FF}</UniqueIdentifier>
      <Extensions>cpp;c;cc;cxx;def;odl;idl;hpj;bat;asm;asmx</Extensions>
    </Filter>
    <Filter Include="Javascript">
      <UniqueIdentifier>{e1f118e7-d380-4e04-a25a-3f4c389d47a4}</UniqueIdentifier>
    </Filter>
    <Filter Include="Header Files">
      <UniqueIdentifier>{7ad75dbd-ddfe-4f4e-a536-adcc5ff765b7}</UniqueIdentifier>
    </Filter>
    <Filter Include="Jansson">
      <UniqueIdentifier>{85f94474-8605-40b9-a43c-0bfafc30059b}</UniqueIdentifier>
    </Filter>
    <Filter Include="Interop">
      <UniqueIdentifier>{ae8b23ba-0a8a-46ce-a1b3-8ca0edb1636f}</UniqueIdentifier>
    </Filter>
  </ItemGroup>
  <ItemGroup>
    <ClCompile Include="..\simpleinterop.c">
      <Filter>Source Files</Filter>
    </ClCompile>
    <ClCompile Include="..\simpleobject.c">
      <Filter>Source Files</Filter>
    </ClCompile>
    <ClCompile Include="..\jansson\dump.c">
      <Filter>Jansson</Filter>
    </ClCompile>
    <ClCompile Include="..\jansson\error.c">
      <Filter>Jansson</Filter>
    </ClCompile>
    <ClCompile Include="..\jansson\hashtable.c">
      <Filter>Jansson</Filter>
    </ClCompile>
    <ClCompile Include="..\jansson\load.c">
      <Filter>Jansson</Filter>
    </ClCompile>
    <ClCompile Include="..\jansson\memory.c">
      <Filter>Jansson</Filter>
    </ClCompile>
    <ClCompile Include="..\jansson\pack_unpack.c">
      <Filter>Jansson</Filter>
    </ClCompile>
    <ClCompile Include="..\jansson\strbuffer.c">
      <Filter>Jansson</Filter>
    </ClCompile>
    <ClCompile Include="..\jansson\strconv.c">
      <Filter>Jansson</Filter>
    </ClCompile>
    <ClCompile Include="..\jansson\utf.c">
      <Filter>Jansson</Filter>
    </ClCompile>
    <ClCompile Include="..\jansson\value.c">
      <Filter>Jansson</Filter>
    </ClCompile>
    <ClCompile Include="..\jansson\hashtable_seed.c">
      <Filter>Jansson</Filter>
    </ClCompile>
    <ClCompile Include="..\interop\interoplib.c">
      <Filter>Interop</Filter>
    </ClCompile>
  </ItemGroup>
  <ItemGroup>
    <ClInclude Include="..\simpleobject.h">
      <Filter>Header Files</Filter>
    </ClInclude>
    <ClInclude Include="..\jansson\hashtable.h">
      <Filter>Jansson</Filter>
    </ClInclude>
    <ClInclude Include="..\jansson\jansson.h">
      <Filter>Jansson</Filter>
    </ClInclude>
    <ClInclude Include="..\jansson\jansson_private.h">
      <Filter>Jansson</Filter>
    </ClInclude>
    <ClInclude Include="..\jansson\lookup3.h">
      <Filter>Jansson</Filter>
    </ClInclude>
    <ClInclude Include="..\jansson\strbuffer.h">
      <Filter>Jansson</Filter>
    </ClInclude>
    <ClInclude Include="..\jansson\utf.h">
      <Filter>Jansson</Filter>
    </ClInclude>
    <ClInclude Include="..\interop\interoplib.h">
      <Filter>Interop</Filter>
    </ClInclude>
    <ClInclude Include="..\interop\interopstub.h">
      <Filter>Interop</Filter>
    </ClInclude>
    <ClInclude Include="..\interop\taski.h">
      <Filter>Interop</Filter>
    </ClInclude>
    <ClInclude Include="..\interop\workflowi.h">
      <Filter>Interop</Filter>
    </ClInclude>
    <ClInclude Include="..\interop\dictionaryi.h">
      <Filter>Interop</Filter>
    </ClInclude>
  </ItemGroup>
  <ItemGroup>
    <None Include="..\js\simpleobject.js">
      <Filter>Javascript</Filter>
    </None>
    <None Include="..\js\simpleobjecttest.js">
      <Filter>Javascript</Filter>
    </None>
    <None Include="simple.def">
      <Filter>Source Files</Filter>
    </None>
  </ItemGroup>
</Project>