// !$*UTF8*$!
{
	archiveVersion = 1;
	classes = {
	};
	objectVersion = 46;
	objects = {

/* Begin PBXBuildFile section */
		D82D5F941EB278BB00EA3BF5 /* simpleinterop.c in Sources */ = {isa = PBXBuildFile; fileRef = D82D5F911EB278BB00EA3BF5 /* simpleinterop.c */; };
		D82D5F951EB278BB00EA3BF5 /* simpleobject.c in Sources */ = {isa = PBXBuildFile; fileRef = D82D5F921EB278BB00EA3BF5 /* simpleobject.c */; };
		D82D5F961EB278BB00EA3BF5 /* simpleobject.h in Headers */ = {isa = PBXBuildFile; fileRef = D82D5F931EB278BB00EA3BF5 /* simpleobject.h */; };
		D82D5F9A1EB278CC00EA3BF5 /* interoplib.h in Headers */ = {isa = PBXBuildFile; fileRef = D82D5F981EB278CC00EA3BF5 /* interoplib.h */; };
		D82D5F9B1EB278CC00EA3BF5 /* interopstub.h in Headers */ = {isa = PBXBuildFile; fileRef = D82D5F991EB278CC00EA3BF5 /* interopstub.h */; };
		D867CDBF1EB2961400F7CEF7 /* dump.c in Sources */ = {isa = PBXBuildFile; fileRef = D867CDAD1EB2961400F7CEF7 /* dump.c */; };
		D867CDC01EB2961400F7CEF7 /* error.c in Sources */ = {isa = PBXBuildFile; fileRef = D867CDAE1EB2961400F7CEF7 /* error.c */; };
		D867CDC11EB2961400F7CEF7 /* hashtable_seed.c in Sources */ = {isa = PBXBuildFile; fileRef = D867CDAF1EB2961400F7CEF7 /* hashtable_seed.c */; };
		D867CDC21EB2961400F7CEF7 /* hashtable.c in Sources */ = {isa = PBXBuildFile; fileRef = D867CDB01EB2961400F7CEF7 /* hashtable.c */; };
		D867CDC31EB2961400F7CEF7 /* hashtable.h in Headers */ = {isa = PBXBuildFile; fileRef = D867CDB11EB2961400F7CEF7 /* hashtable.h */; };
		D867CDC41EB2961400F7CEF7 /* jansson_config.h in Headers */ = {isa = PBXBuildFile; fileRef = D867CDB21EB2961400F7CEF7 /* jansson_config.h */; };
		D867CDC51EB2961400F7CEF7 /* jansson_private.h in Headers */ = {isa = PBXBuildFile; fileRef = D867CDB31EB2961400F7CEF7 /* jansson_private.h */; };
		D867CDC61EB2961400F7CEF7 /* jansson.h in Headers */ = {isa = PBXBuildFile; fileRef = D867CDB41EB2961400F7CEF7 /* jansson.h */; };
		D867CDC71EB2961400F7CEF7 /* load.c in Sources */ = {isa = PBXBuildFile; fileRef = D867CDB51EB2961400F7CEF7 /* load.c */; };
		D867CDC81EB2961400F7CEF7 /* lookup3.h in Headers */ = {isa = PBXBuildFile; fileRef = D867CDB61EB2961400F7CEF7 /* lookup3.h */; };
		D867CDC91EB2961400F7CEF7 /* memory.c in Sources */ = {isa = PBXBuildFile; fileRef = D867CDB71EB2961400F7CEF7 /* memory.c */; };
		D867CDCA1EB2961400F7CEF7 /* pack_unpack.c in Sources */ = {isa = PBXBuildFile; fileRef = D867CDB81EB2961400F7CEF7 /* pack_unpack.c */; };
		D867CDCB1EB2961400F7CEF7 /* strbuffer.c in Sources */ = {isa = PBXBuildFile; fileRef = D867CDB91EB2961400F7CEF7 /* strbuffer.c */; };
		D867CDCC1EB2961400F7CEF7 /* strbuffer.h in Headers */ = {isa = PBXBuildFile; fileRef = D867CDBA1EB2961400F7CEF7 /* strbuffer.h */; };
		D867CDCD1EB2961400F7CEF7 /* strconv.c in Sources */ = {isa = PBXBuildFile; fileRef = D867CDBB1EB2961400F7CEF7 /* strconv.c */; };
		D867CDCE1EB2961400F7CEF7 /* utf.c in Sources */ = {isa = PBXBuildFile; fileRef = D867CDBC1EB2961400F7CEF7 /* utf.c */; };
		D867CDCF1EB2961400F7CEF7 /* utf.h in Headers */ = {isa = PBXBuildFile; fileRef = D867CDBD1EB2961400F7CEF7 /* utf.h */; };
		D867CDD01EB2961400F7CEF7 /* value.c in Sources */ = {isa = PBXBuildFile; fileRef = D867CDBE1EB2961400F7CEF7 /* value.c */; };
		D867CE3A1EB2BE1000F7CEF7 /* interoplib.c in Sources */ = {isa = PBXBuildFile; fileRef = D867CE371EB2BE1000F7CEF7 /* interoplib.c */; };
		D867CE3B1EB2BE1000F7CEF7 /* taski.h in Headers */ = {isa = PBXBuildFile; fileRef = D867CE381EB2BE1000F7CEF7 /* taski.h */; };
		D867CE3C1EB2BE1000F7CEF7 /* workflowi.h in Headers */ = {isa = PBXBuildFile; fileRef = D867CE391EB2BE1000F7CEF7 /* workflowi.h */; };
/* End PBXBuildFile section */

/* Begin PBXFileReference section */
		D82D5F891EB2786900EA3BF5 /* libsimple.dylib */ = {isa = PBXFileReference; explicitFileType = "compiled.mach-o.dylib"; includeInIndex = 0; path = libsimple.dylib; sourceTree = BUILT_PRODUCTS_DIR; };
		D82D5F911EB278BB00EA3BF5 /* simpleinterop.c */ = {isa = PBXFileReference; fileEncoding = 4; lastKnownFileType = sourcecode.c.c; name = simpleinterop.c; path = ../simpleinterop.c; sourceTree = "<group>"; };
		D82D5F921EB278BB00EA3BF5 /* simpleobject.c */ = {isa = PBXFileReference; fileEncoding = 4; lastKnownFileType = sourcecode.c.c; name = simpleobject.c; path = ../simpleobject.c; sourceTree = "<group>"; };
		D82D5F931EB278BB00EA3BF5 /* simpleobject.h */ = {isa = PBXFileReference; fileEncoding = 4; lastKnownFileType = sourcecode.c.h; name = simpleobject.h; path = ../simpleobject.h; sourceTree = "<group>"; };
		D82D5F981EB278CC00EA3BF5 /* interoplib.h */ = {isa = PBXFileReference; fileEncoding = 4; lastKnownFileType = sourcecode.c.h; name = interoplib.h; path = ../interop/interoplib.h; sourceTree = "<group>"; };
		D82D5F991EB278CC00EA3BF5 /* interopstub.h */ = {isa = PBXFileReference; fileEncoding = 4; lastKnownFileType = sourcecode.c.h; name = interopstub.h; path = ../interop/interopstub.h; sourceTree = "<group>"; };
		D867CDAD1EB2961400F7CEF7 /* dump.c */ = {isa = PBXFileReference; fileEncoding = 4; lastKnownFileType = sourcecode.c.c; name = dump.c; path = ../jansson/dump.c; sourceTree = "<group>"; };
		D867CDAE1EB2961400F7CEF7 /* error.c */ = {isa = PBXFileReference; fileEncoding = 4; lastKnownFileType = sourcecode.c.c; name = error.c; path = ../jansson/error.c; sourceTree = "<group>"; };
		D867CDAF1EB2961400F7CEF7 /* hashtable_seed.c */ = {isa = PBXFileReference; fileEncoding = 4; lastKnownFileType = sourcecode.c.c; name = hashtable_seed.c; path = ../jansson/hashtable_seed.c; sourceTree = "<group>"; };
		D867CDB01EB2961400F7CEF7 /* hashtable.c */ = {isa = PBXFileReference; fileEncoding = 4; lastKnownFileType = sourcecode.c.c; name = hashtable.c; path = ../jansson/hashtable.c; sourceTree = "<group>"; };
		D867CDB11EB2961400F7CEF7 /* hashtable.h */ = {isa = PBXFileReference; fileEncoding = 4; lastKnownFileType = sourcecode.c.h; name = hashtable.h; path = ../jansson/hashtable.h; sourceTree = "<group>"; };
		D867CDB21EB2961400F7CEF7 /* jansson_config.h */ = {isa = PBXFileReference; fileEncoding = 4; lastKnownFileType = sourcecode.c.h; name = jansson_config.h; path = ../jansson/jansson_config.h; sourceTree = "<group>"; };
		D867CDB31EB2961400F7CEF7 /* jansson_private.h */ = {isa = PBXFileReference; fileEncoding = 4; lastKnownFileType = sourcecode.c.h; name = jansson_private.h; path = ../jansson/jansson_private.h; sourceTree = "<group>"; };
		D867CDB41EB2961400F7CEF7 /* jansson.h */ = {isa = PBXFileReference; fileEncoding = 4; lastKnownFileType = sourcecode.c.h; name = jansson.h; path = ../jansson/jansson.h; sourceTree = "<group>"; };
		D867CDB51EB2961400F7CEF7 /* load.c */ = {isa = PBXFileReference; fileEncoding = 4; lastKnownFileType = sourcecode.c.c; name = load.c; path = ../jansson/load.c; sourceTree = "<group>"; };
		D867CDB61EB2961400F7CEF7 /* lookup3.h */ = {isa = PBXFileReference; fileEncoding = 4; lastKnownFileType = sourcecode.c.h; name = lookup3.h; path = ../jansson/lookup3.h; sourceTree = "<group>"; };
		D867CDB71EB2961400F7CEF7 /* memory.c */ = {isa = PBXFileReference; fileEncoding = 4; lastKnownFileType = sourcecode.c.c; name = memory.c; path = ../jansson/memory.c; sourceTree = "<group>"; };
		D867CDB81EB2961400F7CEF7 /* pack_unpack.c */ = {isa = PBXFileReference; fileEncoding = 4; lastKnownFileType = sourcecode.c.c; name = pack_unpack.c; path = ../jansson/pack_unpack.c; sourceTree = "<group>"; };
		D867CDB91EB2961400F7CEF7 /* strbuffer.c */ = {isa = PBXFileReference; fileEncoding = 4; lastKnownFileType = sourcecode.c.c; name = strbuffer.c; path = ../jansson/strbuffer.c; sourceTree = "<group>"; };
		D867CDBA1EB2961400F7CEF7 /* strbuffer.h */ = {isa = PBXFileReference; fileEncoding = 4; lastKnownFileType = sourcecode.c.h; name = strbuffer.h; path = ../jansson/strbuffer.h; sourceTree = "<group>"; };
		D867CDBB1EB2961400F7CEF7 /* strconv.c */ = {isa = PBXFileReference; fileEncoding = 4; lastKnownFileType = sourcecode.c.c; name = strconv.c; path = ../jansson/strconv.c; sourceTree = "<group>"; };
		D867CDBC1EB2961400F7CEF7 /* utf.c */ = {isa = PBXFileReference; fileEncoding = 4; lastKnownFileType = sourcecode.c.c; name = utf.c; path = ../jansson/utf.c; sourceTree = "<group>"; };
		D867CDBD1EB2961400F7CEF7 /* utf.h */ = {isa = PBXFileReference; fileEncoding = 4; lastKnownFileType = sourcecode.c.h; name = utf.h; path = ../jansson/utf.h; sourceTree = "<group>"; };
		D867CDBE1EB2961400F7CEF7 /* value.c */ = {isa = PBXFileReference; fileEncoding = 4; lastKnownFileType = sourcecode.c.c; name = value.c; path = ../jansson/value.c; sourceTree = "<group>"; };
		D867CE371EB2BE1000F7CEF7 /* interoplib.c */ = {isa = PBXFileReference; fileEncoding = 4; lastKnownFileType = sourcecode.c.c; name = interoplib.c; path = ../interop/interoplib.c; sourceTree = "<group>"; };
		D867CE381EB2BE1000F7CEF7 /* taski.h */ = {isa = PBXFileReference; fileEncoding = 4; lastKnownFileType = sourcecode.c.h; name = taski.h; path = ../interop/taski.h; sourceTree = "<group>"; };
		D867CE391EB2BE1000F7CEF7 /* workflowi.h */ = {isa = PBXFileReference; fileEncoding = 4; lastKnownFileType = sourcecode.c.h; name = workflowi.h; path = ../interop/workflowi.h; sourceTree = "<group>"; };
/* End PBXFileReference section */

/* Begin PBXFrameworksBuildPhase section */
		D82D5F861EB2786900EA3BF5 /* Frameworks */ = {
			isa = PBXFrameworksBuildPhase;
			buildActionMask = 2147483647;
			files = (
			);
			runOnlyForDeploymentPostprocessing = 0;
		};
/* End PBXFrameworksBuildPhase section */

/* Begin PBXGroup section */
		D82D5F801EB2786900EA3BF5 = {
			isa = PBXGroup;
			children = (
				D82D5F9C1EB27A5100EA3BF5 /* Jansson */,
				D82D5F971EB278BF00EA3BF5 /* Interop */,
				D82D5F901EB278AF00EA3BF5 /* Sources */,
				D82D5F8A1EB2786900EA3BF5 /* Products */,
			);
			sourceTree = "<group>";
		};
		D82D5F8A1EB2786900EA3BF5 /* Products */ = {
			isa = PBXGroup;
			children = (
				D82D5F891EB2786900EA3BF5 /* libsimple.dylib */,
			);
			name = Products;
			sourceTree = "<group>";
		};
		D82D5F901EB278AF00EA3BF5 /* Sources */ = {
			isa = PBXGroup;
			children = (
				D82D5F911EB278BB00EA3BF5 /* simpleinterop.c */,
				D82D5F921EB278BB00EA3BF5 /* simpleobject.c */,
				D82D5F931EB278BB00EA3BF5 /* simpleobject.h */,
			);
			name = Sources;
			sourceTree = "<group>";
		};
		D82D5F971EB278BF00EA3BF5 /* Interop */ = {
			isa = PBXGroup;
			children = (
				D867CE371EB2BE1000F7CEF7 /* interoplib.c */,
				D867CE381EB2BE1000F7CEF7 /* taski.h */,
				D867CE391EB2BE1000F7CEF7 /* workflowi.h */,
				D82D5F981EB278CC00EA3BF5 /* interoplib.h */,
				D82D5F991EB278CC00EA3BF5 /* interopstub.h */,
			);
			name = Interop;
			sourceTree = "<group>";
		};
		D82D5F9C1EB27A5100EA3BF5 /* Jansson */ = {
			isa = PBXGroup;
			children = (
				D867CDAD1EB2961400F7CEF7 /* dump.c */,
				D867CDAE1EB2961400F7CEF7 /* error.c */,
				D867CDAF1EB2961400F7CEF7 /* hashtable_seed.c */,
				D867CDB01EB2961400F7CEF7 /* hashtable.c */,
				D867CDB11EB2961400F7CEF7 /* hashtable.h */,
				D867CDB21EB2961400F7CEF7 /* jansson_config.h */,
				D867CDB31EB2961400F7CEF7 /* jansson_private.h */,
				D867CDB41EB2961400F7CEF7 /* jansson.h */,
				D867CDB51EB2961400F7CEF7 /* load.c */,
				D867CDB61EB2961400F7CEF7 /* lookup3.h */,
				D867CDB71EB2961400F7CEF7 /* memory.c */,
				D867CDB81EB2961400F7CEF7 /* pack_unpack.c */,
				D867CDB91EB2961400F7CEF7 /* strbuffer.c */,
				D867CDBA1EB2961400F7CEF7 /* strbuffer.h */,
				D867CDBB1EB2961400F7CEF7 /* strconv.c */,
				D867CDBC1EB2961400F7CEF7 /* utf.c */,
				D867CDBD1EB2961400F7CEF7 /* utf.h */,
				D867CDBE1EB2961400F7CEF7 /* value.c */,
			);
			name = Jansson;
			sourceTree = "<group>";
		};
/* End PBXGroup section */

/* Begin PBXHeadersBuildPhase section */
		D82D5F871EB2786900EA3BF5 /* Headers */ = {
			isa = PBXHeadersBuildPhase;
			buildActionMask = 2147483647;
			files = (
				D82D5F9B1EB278CC00EA3BF5 /* interopstub.h in Headers */,
				D867CDC41EB2961400F7CEF7 /* jansson_config.h in Headers */,
				D867CDCF1EB2961400F7CEF7 /* utf.h in Headers */,
				D867CDC61EB2961400F7CEF7 /* jansson.h in Headers */,
				D867CDC31EB2961400F7CEF7 /* hashtable.h in Headers */,
				D867CDC81EB2961400F7CEF7 /* lookup3.h in Headers */,
				D82D5F9A1EB278CC00EA3BF5 /* interoplib.h in Headers */,
				D867CDCC1EB2961400F7CEF7 /* strbuffer.h in Headers */,
				D867CE3B1EB2BE1000F7CEF7 /* taski.h in Headers */,
				D867CE3C1EB2BE1000F7CEF7 /* workflowi.h in Headers */,
				D82D5F961EB278BB00EA3BF5 /* simpleobject.h in Headers */,
				D867CDC51EB2961400F7CEF7 /* jansson_private.h in Headers */,
			);
			runOnlyForDeploymentPostprocessing = 0;
		};
/* End PBXHeadersBuildPhase section */

/* Begin PBXNativeTarget section */
		D82D5F881EB2786900EA3BF5 /* simple */ = {
			isa = PBXNativeTarget;
			buildConfigurationList = D82D5F8D1EB2786900EA3BF5 /* Build configuration list for PBXNativeTarget "simple" */;
			buildPhases = (
				D82D5F851EB2786900EA3BF5 /* Sources */,
				D82D5F861EB2786900EA3BF5 /* Frameworks */,
				D82D5F871EB2786900EA3BF5 /* Headers */,
			);
			buildRules = (
			);
			dependencies = (
			);
			name = simple;
			productName = simple;
			productReference = D82D5F891EB2786900EA3BF5 /* libsimple.dylib */;
			productType = "com.apple.product-type.library.dynamic";
		};
/* End PBXNativeTarget section */

/* Begin PBXProject section */
		D82D5F811EB2786900EA3BF5 /* Project object */ = {
			isa = PBXProject;
			attributes = {
				LastUpgradeCheck = 0830;
				ORGANIZATIONNAME = "Solid State Networks";
				TargetAttributes = {
					D82D5F881EB2786900EA3BF5 = {
						CreatedOnToolsVersion = 8.3.1;
						ProvisioningStyle = Automatic;
					};
				};
			};
			buildConfigurationList = D82D5F841EB2786900EA3BF5 /* Build configuration list for PBXProject "simple" */;
			compatibilityVersion = "Xcode 3.2";
			developmentRegion = English;
			hasScannedForEncodings = 0;
			knownRegions = (
				en,
			);
			mainGroup = D82D5F801EB2786900EA3BF5;
			productRefGroup = D82D5F8A1EB2786900EA3BF5 /* Products */;
			projectDirPath = "";
			projectRoot = "";
			targets = (
				D82D5F881EB2786900EA3BF5 /* simple */,
			);
		};
/* End PBXProject section */

/* Begin PBXSourcesBuildPhase section */
		D82D5F851EB2786900EA3BF5 /* Sources */ = {
			isa = PBXSourcesBuildPhase;
			buildActionMask = 2147483647;
			files = (
				D867CDD01EB2961400F7CEF7 /* value.c in Sources */,
				D867CDCD1EB2961400F7CEF7 /* strconv.c in Sources */,
				D82D5F951EB278BB00EA3BF5 /* simpleobject.c in Sources */,
				D82D5F941EB278BB00EA3BF5 /* simpleinterop.c in Sources */,
				D867CDC91EB2961400F7CEF7 /* memory.c in Sources */,
				D867CDC21EB2961400F7CEF7 /* hashtable.c in Sources */,
				D867CDCA1EB2961400F7CEF7 /* pack_unpack.c in Sources */,
				D867CDC11EB2961400F7CEF7 /* hashtable_seed.c in Sources */,
				D867CDC01EB2961400F7CEF7 /* error.c in Sources */,
				D867CDCB1EB2961400F7CEF7 /* strbuffer.c in Sources */,
				D867CDCE1EB2961400F7CEF7 /* utf.c in Sources */,
				D867CE3A1EB2BE1000F7CEF7 /* interoplib.c in Sources */,
				D867CDBF1EB2961400F7CEF7 /* dump.c in Sources */,
				D867CDC71EB2961400F7CEF7 /* load.c in Sources */,
			);
			runOnlyForDeploymentPostprocessing = 0;
		};
/* End PBXSourcesBuildPhase section */

/* Begin XCBuildConfiguration section */
		D82D5F8B1EB2786900EA3BF5 /* Debug */ = {
			isa = XCBuildConfiguration;
			buildSettings = {
				ALWAYS_SEARCH_USER_PATHS = NO;
				CLANG_ANALYZER_NONNULL = YES;
				CLANG_ANALYZER_NUMBER_OBJECT_CONVERSION = YES_AGGRESSIVE;
				CLANG_CXX_LANGUAGE_STANDARD = "gnu++0x";
				CLANG_CXX_LIBRARY = "libc++";
				CLANG_ENABLE_MODULES = YES;
				CLANG_ENABLE_OBJC_ARC = YES;
				CLANG_WARN_BOOL_CONVERSION = YES;
				CLANG_WARN_CONSTANT_CONVERSION = YES;
				CLANG_WARN_DIRECT_OBJC_ISA_USAGE = YES_ERROR;
				CLANG_WARN_DOCUMENTATION_COMMENTS = YES;
				CLANG_WARN_EMPTY_BODY = YES;
				CLANG_WARN_ENUM_CONVERSION = YES;
				CLANG_WARN_INFINITE_RECURSION = YES;
				CLANG_WARN_INT_CONVERSION = YES;
				CLANG_WARN_OBJC_ROOT_CLASS = YES_ERROR;
				CLANG_WARN_SUSPICIOUS_MOVE = YES;
				CLANG_WARN_UNREACHABLE_CODE = YES;
				CLANG_WARN__DUPLICATE_METHOD_MATCH = YES;
				CODE_SIGN_IDENTITY = "-";
				COPY_PHASE_STRIP = NO;
				DEBUG_INFORMATION_FORMAT = dwarf;
				ENABLE_STRICT_OBJC_MSGSEND = YES;
				ENABLE_TESTABILITY = YES;
				GCC_C_LANGUAGE_STANDARD = gnu99;
				GCC_DYNAMIC_NO_PIC = NO;
				GCC_NO_COMMON_BLOCKS = YES;
				GCC_OPTIMIZATION_LEVEL = 0;
				GCC_PREPROCESSOR_DEFINITIONS = (
					"DEBUG=1",
					"$(inherited)",
				);
				GCC_WARN_64_TO_32_BIT_CONVERSION = YES;
				GCC_WARN_ABOUT_RETURN_TYPE = YES_ERROR;
				GCC_WARN_UNDECLARED_SELECTOR = YES;
				GCC_WARN_UNINITIALIZED_AUTOS = YES_AGGRESSIVE;
				GCC_WARN_UNUSED_FUNCTION = NO;
				GCC_WARN_UNUSED_VARIABLE = YES;
				MACOSX_DEPLOYMENT_TARGET = 10.12;
				MTL_ENABLE_DEBUG_INFO = YES;
				ONLY_ACTIVE_ARCH = YES;
				SDKROOT = macosx;
			};
			name = Debug;
		};
		D82D5F8C1EB2786900EA3BF5 /* Release */ = {
			isa = XCBuildConfiguration;
			buildSettings = {
				ALWAYS_SEARCH_USER_PATHS = NO;
				CLANG_ANALYZER_NONNULL = YES;
				CLANG_ANALYZER_NUMBER_OBJECT_CONVERSION = YES_AGGRESSIVE;
				CLANG_CXX_LANGUAGE_STANDARD = "gnu++0x";
				CLANG_CXX_LIBRARY = "libc++";
				CLANG_ENABLE_MODULES = YES;
				CLANG_ENABLE_OBJC_ARC = YES;
				CLANG_WARN_BOOL_CONVERSION = YES;
				CLANG_WARN_CONSTANT_CONVERSION = YES;
				CLANG_WARN_DIRECT_OBJC_ISA_USAGE = YES_ERROR;
				CLANG_WARN_DOCUMENTATION_COMMENTS = YES;
				CLANG_WARN_EMPTY_BODY = YES;
				CLANG_WARN_ENUM_CONVERSION = YES;
				CLANG_WARN_INFINITE_RECURSION = YES;
				CLANG_WARN_INT_CONVERSION = YES;
				CLANG_WARN_OBJC_ROOT_CLASS = YES_ERROR;
				CLANG_WARN_SUSPICIOUS_MOVE = YES;
				CLANG_WARN_UNREACHABLE_CODE = YES;
				CLANG_WARN__DUPLICATE_METHOD_MATCH = YES;
				CODE_SIGN_IDENTITY = "-";
				COPY_PHASE_STRIP = NO;
				DEBUG_INFORMATION_FORMAT = "dwarf-with-dsym";
				ENABLE_NS_ASSERTIONS = NO;
				ENABLE_STRICT_OBJC_MSGSEND = YES;
				GCC_C_LANGUAGE_STANDARD = gnu99;
				GCC_NO_COMMON_BLOCKS = YES;
				GCC_WARN_64_TO_32_BIT_CONVERSION = YES;
				GCC_WARN_ABOUT_RETURN_TYPE = YES_ERROR;
				GCC_WARN_UNDECLARED_SELECTOR = YES;
				GCC_WARN_UNINITIALIZED_AUTOS = YES_AGGRESSIVE;
				GCC_WARN_UNUSED_FUNCTION = NO;
				GCC_WARN_UNUSED_VARIABLE = YES;
				MACOSX_DEPLOYMENT_TARGET = 10.12;
				MTL_ENABLE_DEBUG_INFO = NO;
				SDKROOT = macosx;
			};
			name = Release;
		};
		D82D5F8E1EB2786900EA3BF5 /* Debug */ = {
			isa = XCBuildConfiguration;
			buildSettings = {
				DYLIB_COMPATIBILITY_VERSION = 1;
				DYLIB_CURRENT_VERSION = 1;
				EXECUTABLE_PREFIX = lib;
				EXPORTED_SYMBOLS_FILE = "${PROJECT_DIR}/simple.def";
				HEADER_SEARCH_PATHS = (
					../jansson/,
					../interop/,
				);
				PRODUCT_NAME = "$(TARGET_NAME)";
			};
			name = Debug;
		};
		D82D5F8F1EB2786900EA3BF5 /* Release */ = {
			isa = XCBuildConfiguration;
			buildSettings = {
				DYLIB_COMPATIBILITY_VERSION = 1;
				DYLIB_CURRENT_VERSION = 1;
				EXECUTABLE_PREFIX = lib;
				EXPORTED_SYMBOLS_FILE = "${PROJECT_DIR}/simple.def";
				HEADER_SEARCH_PATHS = (
					../jansson/,
					../interop/,
				);
				PRODUCT_NAME = "$(TARGET_NAME)";
			};
			name = Release;
		};
/* End XCBuildConfiguration section */

/* Begin XCConfigurationList section */
		D82D5F841EB2786900EA3BF5 /* Build configuration list for PBXProject "simple" */ = {
			isa = XCConfigurationList;
			buildConfigurations = (
				D82D5F8B1EB2786900EA3BF5 /* Debug */,
				D82D5F8C1EB2786900EA3BF5 /* Release */,
			);
			defaultConfigurationIsVisible = 0;
			defaultConfigurationName = Release;
		};
		D82D5F8D1EB2786900EA3BF5 /* Build configuration list for PBXNativeTarget "simple" */ = {
			isa = XCConfigurationList;
			buildConfigurations = (
				D82D5F8E1EB2786900EA3BF5 /* Debug */,
				D82D5F8F1EB2786900EA3BF5 /* Release */,
			);
			defaultConfigurationIsVisible = 0;
			defaultConfigurationName = Release;
		};
/* End XCConfigurationList section */
	};
	rootObject = D82D5F811EB2786900EA3BF5 /* Project object */;
}
